
Microsoft Visual Studio Solution File, Format Version 12.00
# Visual Studio Version 17
VisualStudioVersion = 17.7.34031.279
MinimumVisualStudioVersion = 10.0.40219.1
Project("{FAE04EC0-301F-11D3-BF4B-00C04F79EFBC}") = "StudentDataRetriever", "StudentDataRetriever\StudentDataRetriever.csproj", "{EEE17BE8-6B19-45E3-8E29-ECEAFB7F8908}"
EndProject
Global
	GlobalSection(SolutionConfigurationPlatforms) = preSolution
		Debug|Any CPU = Debug|Any CPU
		Release|Any CPU = Release|Any CPU
	EndGlobalSection
	GlobalSection(ProjectConfigurationPlatforms) = postSolution
		{EEE17BE8-6B19-45E3-8E29-ECEAFB7F8908}.Debug|Any CPU.ActiveCfg = Debug|Any CPU
		{EEE17BE8-6B19-45E3-8E29-ECEAFB7F8908}.Debug|Any CPU.Build.0 = Debug|Any CPU
		{EEE17BE8-6B19-45E3-8E29-ECEAFB7F8908}.Release|Any CPU.ActiveCfg = Release|Any CPU
		{EEE17BE8-6B19-45E3-8E29-ECEAFB7F8908}.Release|Any CPU.Build.0 = Release|Any CPU
	EndGlobalSection
	GlobalSection(SolutionProperties) = preSolution
		HideSolutionNode = FALSE
	EndGlobalSection
	GlobalSection(ExtensibilityGlobals) = postSolution
		SolutionGuid = {6F366BF6-54B5-4C19-8AB1-A02258B3DC5A}
	EndGlobalSection
EndGlobal
